
Microsoft Visual Studio Solution File, Format Version 12.00
# Visual Studio Version 17
VisualStudioVersion = 17.7.34024.191
MinimumVisualStudioVersion = 10.0.40219.1
Project("{9A19103F-16F7-4668-BE54-9A1E7A4F7556}") = "ToDoApp", "ToDoApp.csproj", "{A760920D-CD98-4883-B633-8D6579672F57}"
EndProject
Global
	GlobalSection(SolutionConfigurationPlatforms) = preSolution
		Debug|Any CPU = Debug|Any CPU
		Release|Any CPU = Release|Any CPU
	EndGlobalSection
	GlobalSection(ProjectConfigurationPlatforms) = postSolution
		{A760920D-CD98-4883-B633-8D6579672F57}.Debug|Any CPU.ActiveCfg = Debug|Any CPU
		{A760920D-CD98-4883-B633-8D6579672F57}.Debug|Any CPU.Build.0 = Debug|Any CPU
		{A760920D-CD98-4883-B633-8D6579672F57}.Release|Any CPU.ActiveCfg = Release|Any CPU
		{A760920D-CD98-4883-B633-8D6579672F57}.Release|Any CPU.Build.0 = Release|Any CPU
	EndGlobalSection
	GlobalSection(SolutionProperties) = preSolution
		HideSolutionNode = FALSE
	EndGlobalSection
	GlobalSection(ExtensibilityGlobals) = postSolution
		SolutionGuid = {08DF4883-FA90-479A-9944-9B5D43C9E6B3}
	EndGlobalSection
EndGlobal
